Microsoft Visual Studio Solution File, Format Version 12.00
# Visual Studio Version 17
VisualStudioVersion = 17.5.2.0
MinimumVisualStudioVersion = 10.0.40219.1
Project("{FAE04EC0-301F-11D3-BF4B-00C04F79EFBC}") = "McpWeatherServer", "McpWeatherServer\McpWeatherServer.csproj", "{49FF21E0-6B0F-207F-4557-931ACC6920C8}"
EndProject
Global
	GlobalSection(SolutionConfigurationPlatforms) = preSolution
		Debug|Any CPU = Debug|Any CPU
		Release|Any CPU = Release|Any CPU
	EndGlobalSection
	GlobalSection(ProjectConfigurationPlatforms) = postSolution
		{49FF21E0-6B0F-207F-4557-931ACC6920C8}.Debug|Any CPU.ActiveCfg = Debug|Any CPU
		{49FF21E0-6B0F-207F-4557-931ACC6920C8}.Debug|Any CPU.Build.0 = Debug|Any CPU
		{49FF21E0-6B0F-207F-4557-931ACC6920C8}.Release|Any CPU.ActiveCfg = Release|Any CPU
		{49FF21E0-6B0F-207F-4557-931ACC6920C8}.Release|Any CPU.Build.0 = Release|Any CPU
	EndGlobalSection
	GlobalSection(SolutionProperties) = preSolution
		HideSolutionNode = FALSE
	EndGlobalSection
	GlobalSection(ExtensibilityGlobals) = postSolution
		SolutionGuid = {9DCFCEED-08FE-4D72-BF2B-EE2CDDDE5D9D}
	EndGlobalSection
EndGlobal
